{
  "name": "my-blog",
  "version": "1.0.0",
  "lockfileVersion": 1,
  "requires": true,
  "dependencies": {
    "ast-types": {
      "version": "0.12.4",
      "resolved": "https://registry.npm.taobao.org/ast-types/download/ast-types-0.12.4.tgz?cache=0&sync_timestamp=1599935882818&other_urls=https%3A%2F%2Fregistry.npm.taobao.org%2Fast-types%2Fdownload%2Fast-types-0.12.4.tgz",
      "integrity": "sha1-cc5jg4APJO/JoaMwjzpuQgoJdNE="
    },
    "esprima": {
      "version": "4.0.1",
      "resolved": "https://registry.npm.taobao.org/esprima/download/esprima-4.0.1.tgz",
      "integrity": "sha1-E7BM2z5sXRnfkatph6hpVhmwqnE="
    },
    "flow": {
      "version": "0.2.3",
      "resolved": "https://registry.npm.taobao.org/flow/download/flow-0.2.3.tgz",
      "integrity": "sha1-+Npl76JJEn7Jk3aiiJZXKpeV0a8="
    },
    "flow-bin": {
      "version": "0.92.1",
      "resolved": "https://registry.npm.taobao.org/flow-bin/download/flow-bin-0.92.1.tgz",
      "integrity": "sha1-MsE2wHI18wxC3AVJoHkPNw+tQHA="
    },
    "iconv-lite": {
      "version": "0.6.2",
      "resolved": "https://registry.npm.taobao.org/iconv-lite/download/iconv-lite-0.6.2.tgz",
      "integrity": "sha1-zhPRh1sMOmdL1qBLf3awGxtt7QE=",
      "requires": {
        "safer-buffer": ">= 2.1.2 < 3.0.0"
      }
    },
    "pako": {
      "version": "1.0.11",
      "resolved": "https://registry.npm.taobao.org/pako/download/pako-1.0.11.tgz",
      "integrity": "sha1-bJWZ00DVTf05RjgCUqNXBaa5kr8="
    },
    "private": {
      "version": "0.1.8",
      "resolved": "https://registry.npm.taobao.org/private/download/private-0.1.8.tgz",
      "integrity": "sha1-I4Hts2ifelPWUxkAYPz4ItLzaP8="
    },
    "recast": {
      "version": "0.17.6",
      "resolved": "https://registry.npm.taobao.org/recast/download/recast-0.17.6.tgz?cache=0&sync_timestamp=1602525693706&other_urls=https%3A%2F%2Fregistry.npm.taobao.org%2Frecast%2Fdownload%2Frecast-0.17.6.tgz",
      "integrity": "sha1-ZK6Y0NLfsQ/5L/X7n/tzcYI7afo=",
      "requires": {
        "ast-types": "0.12.4",
        "esprima": "~4.0.0",
        "private": "^0.1.8",
        "source-map": "~0.6.1"
      }
    },
    "safer-buffer": {
      "version": "2.1.2",
      "resolved": "https://registry.npm.taobao.org/safer-buffer/download/safer-buffer-2.1.2.tgz",
      "integrity": "sha1-RPoWGwGHuVSd2Eu5GAL5vYOFzWo="
    },
    "source-map": {
      "version": "0.6.1",
      "resolved": "https://registry.npm.taobao.org/source-map/download/source-map-0.6.1.tgz",
      "integrity": "sha1-dHIq8y6WFOnCh6jQu95IteLxomM="
    },
    "typescript": {
      "version": "3.9.2",
      "resolved": "https://registry.npm.taobao.org/typescript/download/typescript-3.9.2.tgz",
      "integrity": "sha1-ZOnI6b5upYPFRgdnfdRoChzzXbk="
    },
    "vue": {
      "version": "2.6.12",
      "resolved": "https://registry.npm.taobao.org/vue/download/vue-2.6.12.tgz?cache=0&sync_timestamp=1603239662920&other_urls=https%3A%2F%2Fregistry.npm.taobao.org%2Fvue%2Fdownload%2Fvue-2.6.12.tgz",
      "integrity": "sha1-9evU+mvShpQD4pqJau1JBEVskSM="
    }
  }
}
