# THIS IS AN AUTOGENERATED FILE. DO NOT EDIT THIS FILE DIRECTLY.
# yarn lockfile v1


ast-types@0.12.4:
  version "0.12.4"
  resolved "http://r.cnpmjs.org/ast-types/download/ast-types-0.12.4.tgz#71ce6383800f24efc9a1a3308f3a6e420a0974d1"
  integrity sha1-cc5jg4APJO/JoaMwjzpuQgoJdNE=

esprima@~4.0.0:
  version "4.0.1"
  resolved "http://r.cnpmjs.org/esprima/download/esprima-4.0.1.tgz#13b04cdb3e6c5d19df91ab6987a8695619b0aa71"
  integrity sha1-E7BM2z5sXRnfkatph6hpVhmwqnE=

flow-bin@^0.92.1:
  version "0.92.1"
  resolved "http://r.cnpmjs.org/flow-bin/download/flow-bin-0.92.1.tgz#32c136c07235f30c42dc0549a0790f370fad4070"
  integrity sha1-MsE2wHI18wxC3AVJoHkPNw+tQHA=

flow@^0.2.3:
  version "0.2.3"
  resolved "http://r.cnpmjs.org/flow/download/flow-0.2.3.tgz#f8da65efa249127ec99376a28896572a9795d1af"
  integrity sha1-+Npl76JJEn7Jk3aiiJZXKpeV0a8=

private@^0.1.8:
  version "0.1.8"
  resolved "http://r.cnpmjs.org/private/download/private-0.1.8.tgz#2381edb3689f7a53d653190060fcf822d2f368ff"
  integrity sha1-I4Hts2ifelPWUxkAYPz4ItLzaP8=

recast@^0.17.3:
  version "0.17.6"
  resolved "http://r.cnpmjs.org/recast/download/recast-0.17.6.tgz#64ae98d0d2dfb10ff92ff5fb9ffb7371823b69fa"
  integrity sha1-ZK6Y0NLfsQ/5L/X7n/tzcYI7afo=
  dependencies:
    ast-types "0.12.4"
    esprima "~4.0.0"
    private "^0.1.8"
    source-map "~0.6.1"

source-map@~0.6.1:
  version "0.6.1"
  resolved "http://r.cnpmjs.org/source-map/download/source-map-0.6.1.tgz#74722af32e9614e9c287a8d0bbde48b5e2f1a263"
  integrity sha1-dHIq8y6WFOnCh6jQu95IteLxomM=

typescript@3.9.2:
  version "3.9.2"
  resolved "http://r.cnpmjs.org/typescript/download/typescript-3.9.2.tgz#64e9c8e9be6ea583c54607677dd4680a1cf35db9"
  integrity sha1-ZOnI6b5upYPFRgdnfdRoChzzXbk=
