# THIS IS AN AUTOGENERATED FILE. DO NOT EDIT THIS FILE DIRECTLY.
# yarn lockfile v1


flow-bin@^0.92.1:
  version "0.92.1"
  resolved "https://registry.yarnpkg.com/flow-bin/-/flow-bin-0.92.1.tgz#32c136c07235f30c42dc0549a0790f370fad4070"
  integrity sha512-F5kC5oQOR2FXROAeybJHFqgZP+moKV9fa/53QK4Q4WayTQHdA0KSl48KD1gP0A9mioRLiKUegTva/7I15cX3Iw==

flow@^0.2.3:
  version "0.2.3"
  resolved "https://registry.yarnpkg.com/flow/-/flow-0.2.3.tgz#f8da65efa249127ec99376a28896572a9795d1af"
  integrity sha1-+Npl76JJEn7Jk3aiiJZXKpeV0a8=
